
Microsoft Visual Studio Solution File, Format Version 12.00
# Visual Studio Version 16
VisualStudioVersion = 16.0.30204.135
MinimumVisualStudioVersion = 10.0.40219.1
Project("{FAE04EC0-301F-11D3-BF4B-00C04F79EFBC}") = "CodingEvents", "CodingEvents.csproj", "{19929A2D-82B1-4142-9AA3-693BED707211}"
EndProject
Global
	GlobalSection(SolutionConfigurationPlatforms) = preSolution
		Debug|Any CPU = Debug|Any CPU
		Release|Any CPU = Release|Any CPU
	EndGlobalSection
	GlobalSection(ProjectConfigurationPlatforms) = postSolution
		{19929A2D-82B1-4142-9AA3-693BED707211}.Debug|Any CPU.ActiveCfg = Debug|Any CPU
		{19929A2D-82B1-4142-9AA3-693BED707211}.Debug|Any CPU.Build.0 = Debug|Any CPU
		{19929A2D-82B1-4142-9AA3-693BED707211}.Release|Any CPU.ActiveCfg = Release|Any CPU
		{19929A2D-82B1-4142-9AA3-693BED707211}.Release|Any CPU.Build.0 = Release|Any CPU
	EndGlobalSection
	GlobalSection(SolutionProperties) = preSolution
		HideSolutionNode = FALSE
	EndGlobalSection
	GlobalSection(ExtensibilityGlobals) = postSolution
		SolutionGuid = {A06D381A-8202-4C16-B3F5-F5D693907660}
	EndGlobalSection
EndGlobal
